
Microsoft Visual Studio Solution File, Format Version 12.00
# Visual Studio Version 16
VisualStudioVersion = 16.0.29926.136
MinimumVisualStudioVersion = 10.0.40219.1
Project("{9A19103F-16F7-4668-BE54-9A1E7A4F7556}") = "MM.Dal", "MM.Dal\MM.Dal.csproj", "{E69E4099-0B3B-4A23-AA63-C1DD8AB9D18C}"
EndProject
Project("{9A19103F-16F7-4668-BE54-9A1E7A4F7556}") = "MM.Common", "MM.Common\MM.Common.csproj", "{A07D88B3-8813-41E0-BD11-0783BDCC92AE}"
EndProject
Project("{9A19103F-16F7-4668-BE54-9A1E7A4F7556}") = "MM.BL", "MM.BL\MM.BL.csproj", "{6121DAFA-82A0-4EFC-A46C-2BFF1AA1BC62}"
EndProject
Project("{9A19103F-16F7-4668-BE54-9A1E7A4F7556}") = "MM.App", "MM.App\MM.App.csproj", "{FEB2143B-CCB2-4C31-AE0F-4C48A589E99F}"
EndProject
Project("{2150E333-8FDC-42A3-9474-1A3956D46DE8}") = "Solution Items", "Solution Items", "{E0B2C8D6-AC39-48E7-A243-BF87C479265E}"
	ProjectSection(SolutionItems) = preProject
		Requirements.docx = Requirements.docx
	EndProjectSection
EndProject
Global
	GlobalSection(SolutionConfigurationPlatforms) = preSolution
		Debug|Any CPU = Debug|Any CPU
		Release|Any CPU = Release|Any CPU
	EndGlobalSection
	GlobalSection(ProjectConfigurationPlatforms) = postSolution
		{E69E4099-0B3B-4A23-AA63-C1DD8AB9D18C}.Debug|Any CPU.ActiveCfg = Debug|Any CPU
		{E69E4099-0B3B-4A23-AA63-C1DD8AB9D18C}.Debug|Any CPU.Build.0 = Debug|Any CPU
		{E69E4099-0B3B-4A23-AA63-C1DD8AB9D18C}.Release|Any CPU.ActiveCfg = Release|Any CPU
		{E69E4099-0B3B-4A23-AA63-C1DD8AB9D18C}.Release|Any CPU.Build.0 = Release|Any CPU
		{A07D88B3-8813-41E0-BD11-0783BDCC92AE}.Debug|Any CPU.ActiveCfg = Debug|Any CPU
		{A07D88B3-8813-41E0-BD11-0783BDCC92AE}.Debug|Any CPU.Build.0 = Debug|Any CPU
		{A07D88B3-8813-41E0-BD11-0783BDCC92AE}.Release|Any CPU.ActiveCfg = Release|Any CPU
		{A07D88B3-8813-41E0-BD11-0783BDCC92AE}.Release|Any CPU.Build.0 = Release|Any CPU
		{6121DAFA-82A0-4EFC-A46C-2BFF1AA1BC62}.Debug|Any CPU.ActiveCfg = Debug|Any CPU
		{6121DAFA-82A0-4EFC-A46C-2BFF1AA1BC62}.Debug|Any CPU.Build.0 = Debug|Any CPU
		{6121DAFA-82A0-4EFC-A46C-2BFF1AA1BC62}.Release|Any CPU.ActiveCfg = Release|Any CPU
		{6121DAFA-82A0-4EFC-A46C-2BFF1AA1BC62}.Release|Any CPU.Build.0 = Release|Any CPU
		{FEB2143B-CCB2-4C31-AE0F-4C48A589E99F}.Debug|Any CPU.ActiveCfg = Debug|Any CPU
		{FEB2143B-CCB2-4C31-AE0F-4C48A589E99F}.Debug|Any CPU.Build.0 = Debug|Any CPU
		{FEB2143B-CCB2-4C31-AE0F-4C48A589E99F}.Release|Any CPU.ActiveCfg = Release|Any CPU
		{FEB2143B-CCB2-4C31-AE0F-4C48A589E99F}.Release|Any CPU.Build.0 = Release|Any CPU
	EndGlobalSection
	GlobalSection(SolutionProperties) = preSolution
		HideSolutionNode = FALSE
	EndGlobalSection
	GlobalSection(ExtensibilityGlobals) = postSolution
		SolutionGuid = {2DC302AD-4030-4312-BD28-688895BB2007}
	EndGlobalSection
EndGlobal
